
Microsoft Visual Studio Solution File, Format Version 12.00
Project("{FAE04EC0-301F-11D3-BF4B-00C04F79EFBC}") = "AlbionMarketBot", "AlbionMarketBot\AlbionMarketBot.csproj", "{CDFD6BB2-13A0-4311-AB22-96E5C1649817}"
EndProject
Global
	GlobalSection(SolutionConfigurationPlatforms) = preSolution
		Debug|Any CPU = Debug|Any CPU
		Release|Any CPU = Release|Any CPU
	EndGlobalSection
	GlobalSection(ProjectConfigurationPlatforms) = postSolution
		{CDFD6BB2-13A0-4311-AB22-96E5C1649817}.Debug|Any CPU.ActiveCfg = Debug|Any CPU
		{CDFD6BB2-13A0-4311-AB22-96E5C1649817}.Debug|Any CPU.Build.0 = Debug|Any CPU
		{CDFD6BB2-13A0-4311-AB22-96E5C1649817}.Release|Any CPU.ActiveCfg = Release|Any CPU
		{CDFD6BB2-13A0-4311-AB22-96E5C1649817}.Release|Any CPU.Build.0 = Release|Any CPU
	EndGlobalSection
EndGlobal
